
Microsoft Visual Studio Solution File, Format Version 12.00
# Visual Studio Version 16
VisualStudioVersion = 16.0.31025.194
MinimumVisualStudioVersion = 10.0.40219.1
Project("{FAE04EC0-301F-11D3-BF4B-00C04F79EFBC}") = "VanityAddrGen", "VanityAddrGen.csproj", "{0612A3D3-8D73-413F-9926-E388281DAB4E}"
EndProject
Global
	GlobalSection(SolutionConfigurationPlatforms) = preSolution
		Debug|Any CPU = Debug|Any CPU
		Release|Any CPU = Release|Any CPU
	EndGlobalSection
	GlobalSection(ProjectConfigurationPlatforms) = postSolution
		{0612A3D3-8D73-413F-9926-E388281DAB4E}.Debug|Any CPU.ActiveCfg = Debug|Any CPU
		{0612A3D3-8D73-413F-9926-E388281DAB4E}.Debug|Any CPU.Build.0 = Debug|Any CPU
		{0612A3D3-8D73-413F-9926-E388281DAB4E}.Release|Any CPU.ActiveCfg = Release|Any CPU
		{0612A3D3-8D73-413F-9926-E388281DAB4E}.Release|Any CPU.Build.0 = Release|Any CPU
	EndGlobalSection
	GlobalSection(SolutionProperties) = preSolution
		HideSolutionNode = FALSE
	EndGlobalSection
	GlobalSection(ExtensibilityGlobals) = postSolution
		SolutionGuid = {DBA928FE-340A-4E42-85C9-CC81CCA9BB5E}
	EndGlobalSection
EndGlobal
